
Microsoft Visual Studio Solution File, Format Version 12.00
# Visual Studio Version 16
VisualStudioVersion = 16.0.29613.14
MinimumVisualStudioVersion = 10.0.40219.1
Project("{9A19103F-16F7-4668-BE54-9A1E7A4F7556}") = "CardDeck", "CardDeck.csproj", "{AEB4C194-4576-4C46-866C-DD093BDD385D}"
EndProject
Global
	GlobalSection(SolutionConfigurationPlatforms) = preSolution
		Debug|Any CPU = Debug|Any CPU
		Release|Any CPU = Release|Any CPU
	EndGlobalSection
	GlobalSection(ProjectConfigurationPlatforms) = postSolution
		{AEB4C194-4576-4C46-866C-DD093BDD385D}.Debug|Any CPU.ActiveCfg = Debug|Any CPU
		{AEB4C194-4576-4C46-866C-DD093BDD385D}.Debug|Any CPU.Build.0 = Debug|Any CPU
		{AEB4C194-4576-4C46-866C-DD093BDD385D}.Release|Any CPU.ActiveCfg = Release|Any CPU
		{AEB4C194-4576-4C46-866C-DD093BDD385D}.Release|Any CPU.Build.0 = Release|Any CPU
	EndGlobalSection
	GlobalSection(SolutionProperties) = preSolution
		HideSolutionNode = FALSE
	EndGlobalSection
	GlobalSection(ExtensibilityGlobals) = postSolution
		SolutionGuid = {DF308A08-8589-453E-902F-C35DEA86A786}
	EndGlobalSection
EndGlobal
